
Microsoft Visual Studio Solution File, Format Version 12.00
# Visual Studio Version 17
VisualStudioVersion = 17.5.002.0
MinimumVisualStudioVersion = 10.0.40219.1
Project("{2150E333-8FDC-42A3-9474-1A3956D46DE8}") = "src", "src", "{1DB2E78F-8870-4D10-9B91-8B4889394F13}"
EndProject
Project("{9A19103F-16F7-4668-BE54-9A1E7A4F7556}") = "SerialTest", "src\SerialTest\SerialTest.csproj", "{6F2ED05A-567E-4629-9136-185E37DBF6BE}"
EndProject
Global
	GlobalSection(SolutionConfigurationPlatforms) = preSolution
		Debug|Any CPU = Debug|Any CPU
		Debug|x64 = Debug|x64
		Debug|x86 = Debug|x86
		Release|Any CPU = Release|Any CPU
		Release|x64 = Release|x64
		Release|x86 = Release|x86
	EndGlobalSection
	GlobalSection(ProjectConfigurationPlatforms) = postSolution
		{6F2ED05A-567E-4629-9136-185E37DBF6BE}.Debug|Any CPU.ActiveCfg = Debug|Any CPU
		{6F2ED05A-567E-4629-9136-185E37DBF6BE}.Debug|Any CPU.Build.0 = Debug|Any CPU
		{6F2ED05A-567E-4629-9136-185E37DBF6BE}.Release|Any CPU.ActiveCfg = Release|Any CPU
		{6F2ED05A-567E-4629-9136-185E37DBF6BE}.Release|Any CPU.Build.0 = Release|Any CPU
	EndGlobalSection
	GlobalSection(SolutionProperties) = preSolution
		HideSolutionNode = FALSE
	EndGlobalSection
	GlobalSection(NestedProjects) = preSolution
		{6F2ED05A-567E-4629-9136-185E37DBF6BE} = {1DB2E78F-8870-4D10-9B91-8B4889394F13}
	EndGlobalSection
	GlobalSection(ExtensibilityGlobals) = postSolution
		SolutionGuid = {0092E9FC-16B4-43DF-A6E4-40FB04C2E583}
	EndGlobalSection
EndGlobal
